
Microsoft Visual Studio Solution File, Format Version 12.00
# Visual Studio Version 17
VisualStudioVersion = 17.11.35327.3
MinimumVisualStudioVersion = 10.0.40219.1
Project("{FAE04EC0-301F-11D3-BF4B-00C04F79EFBC}") = "WarriorOOP", "WarriorOOP\WarriorOOP.csproj", "{8D828E5E-8B24-4497-BFA2-9B8FA6692053}"
EndProject
Global
	GlobalSection(SolutionConfigurationPlatforms) = preSolution
		Debug|Any CPU = Debug|Any CPU
		Release|Any CPU = Release|Any CPU
	EndGlobalSection
	GlobalSection(ProjectConfigurationPlatforms) = postSolution
		{8D828E5E-8B24-4497-BFA2-9B8FA6692053}.Debug|Any CPU.ActiveCfg = Debug|Any CPU
		{8D828E5E-8B24-4497-BFA2-9B8FA6692053}.Debug|Any CPU.Build.0 = Debug|Any CPU
		{8D828E5E-8B24-4497-BFA2-9B8FA6692053}.Release|Any CPU.ActiveCfg = Release|Any CPU
		{8D828E5E-8B24-4497-BFA2-9B8FA6692053}.Release|Any CPU.Build.0 = Release|Any CPU
	EndGlobalSection
	GlobalSection(SolutionProperties) = preSolution
		HideSolutionNode = FALSE
	EndGlobalSection
	GlobalSection(ExtensibilityGlobals) = postSolution
		SolutionGuid = {E0A0A5CE-75F6-4BBE-B2DD-82A18D2D9444}
	EndGlobalSection
EndGlobal
